# THIS IS AN AUTOGENERATED FILE. DO NOT EDIT THIS FILE DIRECTLY.
# yarn lockfile v1


"@zxing/browser@0.0.7":
  version "0.0.7"
  resolved "https://registry.yarnpkg.com/@zxing/browser/-/browser-0.0.7.tgz#5fa7680a867b660f48d3288fdf63e0174ad531c7"
  integrity sha512-AepzMgDnD6EjxewqmXpHJsi4S3Gw9ilZJLIbTf6fWuWySEcHBodnGu3p7FWlgq1Sd5QyfPhTum5z3CBkkhMVng==
  optionalDependencies:
    "@zxing/text-encoding" "^0.9.0"

"@zxing/library@^0.18.3":
  version "0.18.6"
  resolved "https://registry.yarnpkg.com/@zxing/library/-/library-0.18.6.tgz#717af8c6c1fd982865e21051afdd7b470ae6674c"
  integrity sha512-bulZ9JHoLFd9W36pi+7e7DnEYNJhljYjZ1UTsKPOoLMU3qtC+REHITeCRNx40zTRJZx18W5TBRXt5pq2Uopjsw==
  dependencies:
    ts-custom-error "^3.0.0"
  optionalDependencies:
    "@zxing/text-encoding" "~0.9.0"

"@zxing/text-encoding@^0.9.0", "@zxing/text-encoding@~0.9.0":
  version "0.9.0"
  resolved "https://registry.yarnpkg.com/@zxing/text-encoding/-/text-encoding-0.9.0.tgz#fb50ffabc6c7c66a0c96b4c03e3d9be74864b70b"
  integrity sha512-U/4aVJ2mxI0aDNI8Uq0wEhMgY+u4CNtEb0om3+y3+niDAsoTCOB33UF0sxpzqzdqXLqmvc+vZyAt4O8pPdfkwA==

csstype@^3.1.3:
  version "3.1.3"
  resolved "https://registry.yarnpkg.com/csstype/-/csstype-3.1.3.tgz#d80ff294d114fb0e6ac500fbf85b60137d7eff81"
  integrity sha512-M1uQkMl8rQK/szD0LNhtqxIPLpimGm8sOBwU7lLnCpSbTyY3yeU1Vc7l4KT5zT4s/yOxHH5O7tIuuLOCnLADRw==

fsevents@~2.3.2:
  version "2.3.3"
  resolved "https://registry.yarnpkg.com/fsevents/-/fsevents-2.3.3.tgz#cac6407785d03675a2a5e1a5305c697b347d90d6"
  integrity sha512-5xoDfX+fL7faATnagmWPpbFtwh/R77WmMMqqHGS65C3vvB0YHrgF+B1YmZ3441tMj5n63k0212XNoJwzlhffQw==

goober@^2.1.16:
  version "2.1.16"
  resolved "https://registry.yarnpkg.com/goober/-/goober-2.1.16.tgz#7d548eb9b83ff0988d102be71f271ca8f9c82a95"
  integrity sha512-erjk19y1U33+XAMe1VTvIONHYoSqE4iS7BYUZfHaqeohLmnC0FdxEh7rQU+6MZ4OajItzjZFSRtVANrQwNq6/g==

react-hot-toast@^2.5.2:
  version "2.5.2"
  resolved "https://registry.yarnpkg.com/react-hot-toast/-/react-hot-toast-2.5.2.tgz#b55328966a26add56513e2dc1682e2cb4753c244"
  integrity sha512-Tun3BbCxzmXXM7C+NI4qiv6lT0uwGh4oAfeJyNOjYUejTsm35mK9iCaYLGv8cBz9L5YxZLx/2ii7zsIwPtPUdw==
  dependencies:
    csstype "^3.1.3"
    goober "^2.1.16"

react-qr-reader@^3.0.0-beta-1:
  version "3.0.0-beta-1"
  resolved "https://registry.yarnpkg.com/react-qr-reader/-/react-qr-reader-3.0.0-beta-1.tgz#e04a20876409313439959d8e0ea6df3ba6e36d68"
  integrity sha512-5HeFH9x/BlziRYQYGK2AeWS9WiKYZtGGMs9DXy3bcySTX3C9UJL9EwcPnWw8vlf7JP4FcrAlr1SnZ5nsWLQGyw==
  dependencies:
    "@zxing/browser" "0.0.7"
    "@zxing/library" "^0.18.3"
    rollup "^2.67.2"

rollup@^2.67.2:
  version "2.79.2"
  resolved "https://registry.yarnpkg.com/rollup/-/rollup-2.79.2.tgz#f150e4a5db4b121a21a747d762f701e5e9f49090"
  integrity sha512-fS6iqSPZDs3dr/y7Od6y5nha8dW1YnbgtsyotCVvoFGKbERG++CVRFv1meyGDE1SNItQA8BrnCw7ScdAhRJ3XQ==
  optionalDependencies:
    fsevents "~2.3.2"

ts-custom-error@^3.0.0:
  version "3.3.1"
  resolved "https://registry.yarnpkg.com/ts-custom-error/-/ts-custom-error-3.3.1.tgz#8bd3c8fc6b8dc8e1cb329267c45200f1e17a65d1"
  integrity sha512-5OX1tzOjxWEgsr/YEUWSuPrQ00deKLh6D7OTWcvNHm12/7QPyRh8SYpyWvA4IZv8H/+GQWQEh/kwo95Q9OVW1A==
